
Microsoft Visual Studio Solution File, Format Version 12.00
# Visual Studio Version 16
VisualStudioVersion = 16.0.29519.87
MinimumVisualStudioVersion = 10.0.40219.1
Project("{FAE04EC0-301F-11D3-BF4B-00C04F79EFBC}") = "Hdf5UnitTests", "Hdf5Tests\Hdf5UnitTests.csproj", "{8F907AB2-9A4F-4B79-A60C-35E3367C1CA7}"
EndProject
Project("{9A19103F-16F7-4668-BE54-9A1E7A4F7556}") = "Hdf5DotnetTools", "Hdf5DotnetTools\Hdf5DotnetTools.csproj", "{7E7B1235-2D9C-4696-9FFB-CF7E14C7202A}"
EndProject
Global
	GlobalSection(SolutionConfigurationPlatforms) = preSolution
		Debug|Any CPU = Debug|Any CPU
		Debug|x64 = Debug|x64
		HDF5 1.10 Debug|Any CPU = HDF5 1.10 Debug|Any CPU
		HDF5 1.10 Debug|x64 = HDF5 1.10 Debug|x64
		HDF5 1.10 Release|Any CPU = HDF5 1.10 Release|Any CPU
		HDF5 1.10 Release|x64 = HDF5 1.10 Release|x64
		HDF5 1.8 Debug|Any CPU = HDF5 1.8 Debug|Any CPU
		HDF5 1.8 Debug|x64 = HDF5 1.8 Debug|x64
		HDF5 1.8 Release|Any CPU = HDF5 1.8 Release|Any CPU
		HDF5 1.8 Release|x64 = HDF5 1.8 Release|x64
		Release|Any CPU = Release|Any CPU
		Release|x64 = Release|x64
	EndGlobalSection
	GlobalSection(ProjectConfigurationPlatforms) = postSolution
		{8F907AB2-9A4F-4B79-A60C-35E3367C1CA7}.Debug|Any CPU.ActiveCfg = Debug|Any CPU
		{8F907AB2-9A4F-4B79-A60C-35E3367C1CA7}.Debug|Any CPU.Build.0 = Debug|Any CPU
		{8F907AB2-9A4F-4B79-A60C-35E3367C1CA7}.Debug|x64.ActiveCfg = Debug|x64
		{8F907AB2-9A4F-4B79-A60C-35E3367C1CA7}.Debug|x64.Build.0 = Debug|x64
		{8F907AB2-9A4F-4B79-A60C-35E3367C1CA7}.HDF5 1.10 Debug|Any CPU.ActiveCfg = Debug|Any CPU
		{8F907AB2-9A4F-4B79-A60C-35E3367C1CA7}.HDF5 1.10 Debug|Any CPU.Build.0 = Debug|Any CPU
		{8F907AB2-9A4F-4B79-A60C-35E3367C1CA7}.HDF5 1.10 Debug|x64.ActiveCfg = Debug|x64
		{8F907AB2-9A4F-4B79-A60C-35E3367C1CA7}.HDF5 1.10 Debug|x64.Build.0 = Debug|x64
		{8F907AB2-9A4F-4B79-A60C-35E3367C1CA7}.HDF5 1.10 Release|Any CPU.ActiveCfg = Release|Any CPU
		{8F907AB2-9A4F-4B79-A60C-35E3367C1CA7}.HDF5 1.10 Release|Any CPU.Build.0 = Release|Any CPU
		{8F907AB2-9A4F-4B79-A60C-35E3367C1CA7}.HDF5 1.10 Release|x64.ActiveCfg = Release|x64
		{8F907AB2-9A4F-4B79-A60C-35E3367C1CA7}.HDF5 1.10 Release|x64.Build.0 = Release|x64
		{8F907AB2-9A4F-4B79-A60C-35E3367C1CA7}.HDF5 1.8 Debug|Any CPU.ActiveCfg = Debug|Any CPU
		{8F907AB2-9A4F-4B79-A60C-35E3367C1CA7}.HDF5 1.8 Debug|Any CPU.Build.0 = Debug|Any CPU
		{8F907AB2-9A4F-4B79-A60C-35E3367C1CA7}.HDF5 1.8 Debug|x64.ActiveCfg = Debug|x64
		{8F907AB2-9A4F-4B79-A60C-35E3367C1CA7}.HDF5 1.8 Debug|x64.Build.0 = Debug|x64
		{8F907AB2-9A4F-4B79-A60C-35E3367C1CA7}.HDF5 1.8 Release|Any CPU.ActiveCfg = Release|Any CPU
		{8F907AB2-9A4F-4B79-A60C-35E3367C1CA7}.HDF5 1.8 Release|Any CPU.Build.0 = Release|Any CPU
		{8F907AB2-9A4F-4B79-A60C-35E3367C1CA7}.HDF5 1.8 Release|x64.ActiveCfg = Release|x64
		{8F907AB2-9A4F-4B79-A60C-35E3367C1CA7}.HDF5 1.8 Release|x64.Build.0 = Release|x64
		{8F907AB2-9A4F-4B79-A60C-35E3367C1CA7}.Release|Any CPU.ActiveCfg = Release|Any CPU
		{8F907AB2-9A4F-4B79-A60C-35E3367C1CA7}.Release|Any CPU.Build.0 = Release|Any CPU
		{8F907AB2-9A4F-4B79-A60C-35E3367C1CA7}.Release|x64.ActiveCfg = Release|x64
		{8F907AB2-9A4F-4B79-A60C-35E3367C1CA7}.Release|x64.Build.0 = Release|x64
		{7E7B1235-2D9C-4696-9FFB-CF7E14C7202A}.Debug|Any CPU.ActiveCfg = Debug|Any CPU
		{7E7B1235-2D9C-4696-9FFB-CF7E14C7202A}.Debug|Any CPU.Build.0 = Debug|Any CPU
		{7E7B1235-2D9C-4696-9FFB-CF7E14C7202A}.Debug|x64.ActiveCfg = Debug|Any CPU
		{7E7B1235-2D9C-4696-9FFB-CF7E14C7202A}.Debug|x64.Build.0 = Debug|Any CPU
		{7E7B1235-2D9C-4696-9FFB-CF7E14C7202A}.HDF5 1.10 Debug|Any CPU.ActiveCfg = Debug|Any CPU
		{7E7B1235-2D9C-4696-9FFB-CF7E14C7202A}.HDF5 1.10 Debug|Any CPU.Build.0 = Debug|Any CPU
		{7E7B1235-2D9C-4696-9FFB-CF7E14C7202A}.HDF5 1.10 Debug|x64.ActiveCfg = Debug|Any CPU
		{7E7B1235-2D9C-4696-9FFB-CF7E14C7202A}.HDF5 1.10 Debug|x64.Build.0 = Debug|Any CPU
		{7E7B1235-2D9C-4696-9FFB-CF7E14C7202A}.HDF5 1.10 Release|Any CPU.ActiveCfg = Release|Any CPU
		{7E7B1235-2D9C-4696-9FFB-CF7E14C7202A}.HDF5 1.10 Release|Any CPU.Build.0 = Release|Any CPU
		{7E7B1235-2D9C-4696-9FFB-CF7E14C7202A}.HDF5 1.10 Release|x64.ActiveCfg = Release|Any CPU
		{7E7B1235-2D9C-4696-9FFB-CF7E14C7202A}.HDF5 1.10 Release|x64.Build.0 = Release|Any CPU
		{7E7B1235-2D9C-4696-9FFB-CF7E14C7202A}.HDF5 1.8 Debug|Any CPU.ActiveCfg = Debug|Any CPU
		{7E7B1235-2D9C-4696-9FFB-CF7E14C7202A}.HDF5 1.8 Debug|Any CPU.Build.0 = Debug|Any CPU
		{7E7B1235-2D9C-4696-9FFB-CF7E14C7202A}.HDF5 1.8 Debug|x64.ActiveCfg = Debug|Any CPU
		{7E7B1235-2D9C-4696-9FFB-CF7E14C7202A}.HDF5 1.8 Debug|x64.Build.0 = Debug|Any CPU
		{7E7B1235-2D9C-4696-9FFB-CF7E14C7202A}.HDF5 1.8 Release|Any CPU.ActiveCfg = Release|Any CPU
		{7E7B1235-2D9C-4696-9FFB-CF7E14C7202A}.HDF5 1.8 Release|Any CPU.Build.0 = Release|Any CPU
		{7E7B1235-2D9C-4696-9FFB-CF7E14C7202A}.HDF5 1.8 Release|x64.ActiveCfg = Release|Any CPU
		{7E7B1235-2D9C-4696-9FFB-CF7E14C7202A}.HDF5 1.8 Release|x64.Build.0 = Release|Any CPU
		{7E7B1235-2D9C-4696-9FFB-CF7E14C7202A}.Release|Any CPU.ActiveCfg = Release|Any CPU
		{7E7B1235-2D9C-4696-9FFB-CF7E14C7202A}.Release|Any CPU.Build.0 = Release|Any CPU
		{7E7B1235-2D9C-4696-9FFB-CF7E14C7202A}.Release|x64.ActiveCfg = Release|Any CPU
		{7E7B1235-2D9C-4696-9FFB-CF7E14C7202A}.Release|x64.Build.0 = Release|Any CPU
	EndGlobalSection
	GlobalSection(SolutionProperties) = preSolution
		HideSolutionNode = FALSE
	EndGlobalSection
	GlobalSection(ExtensibilityGlobals) = postSolution
		SolutionGuid = {FF170207-E294-49AB-96B4-37ACC61A6217}
	EndGlobalSection
EndGlobal
